
Microsoft Visual Studio Solution File, Format Version 12.00
# Visual Studio Version 16
VisualStudioVersion = 16.0.32901.82
MinimumVisualStudioVersion = 10.0.40219.1
Project("{8BC9CEB8-8B4A-11D0-8D11-00A0C91BC942}") = "EditorDemo", "EditorDemo\EditorDemo.vcxproj", "{8B317B69-6F4D-436C-8635-8F8A11665C30}"
EndProject
Global
	GlobalSection(SolutionConfigurationPlatforms) = preSolution
		Debug|x64 = Debug|x64
		Release|x64 = Release|x64
	EndGlobalSection
	GlobalSection(ProjectConfigurationPlatforms) = postSolution
		{8B317B69-6F4D-436C-8635-8F8A11665C30}.Debug|x64.ActiveCfg = Debug|x64
		{8B317B69-6F4D-436C-8635-8F8A11665C30}.Debug|x64.Build.0 = Debug|x64
		{8B317B69-6F4D-436C-8635-8F8A11665C30}.Release|x64.ActiveCfg = Release|x64
		{8B317B69-6F4D-436C-8635-8F8A11665C30}.Release|x64.Build.0 = Release|x64
	EndGlobalSection
	GlobalSection(SolutionProperties) = preSolution
		HideSolutionNode = FALSE
	EndGlobalSection
	GlobalSection(ExtensibilityGlobals) = postSolution
		SolutionGuid = {A532BC2F-50FE-4A76-A6FB-C50277BC1D1B}
	EndGlobalSection
EndGlobal
